
Microsoft Visual Studio Solution File, Format Version 12.00
# Visual Studio Version 17
VisualStudioVersion = 17.9.34728.123
MinimumVisualStudioVersion = 10.0.40219.1
Project("{FAE04EC0-301F-11D3-BF4B-00C04F79EFBC}") = "PhontyPlus", "PhontyPlus.csproj", "{1374AFD6-A149-4708-930F-EFF72893FCD2}"
EndProject
Global
	GlobalSection(SolutionConfigurationPlatforms) = preSolution
		Debug|Any CPU = Debug|Any CPU
		Release|Any CPU = Release|Any CPU
	EndGlobalSection
	GlobalSection(ProjectConfigurationPlatforms) = postSolution
		{1374AFD6-A149-4708-930F-EFF72893FCD2}.Debug|Any CPU.ActiveCfg = Debug|Any CPU
		{1374AFD6-A149-4708-930F-EFF72893FCD2}.Debug|Any CPU.Build.0 = Debug|Any CPU
		{1374AFD6-A149-4708-930F-EFF72893FCD2}.Release|Any CPU.ActiveCfg = Release|Any CPU
		{1374AFD6-A149-4708-930F-EFF72893FCD2}.Release|Any CPU.Build.0 = Release|Any CPU
	EndGlobalSection
	GlobalSection(SolutionProperties) = preSolution
		HideSolutionNode = FALSE
	EndGlobalSection
	GlobalSection(ExtensibilityGlobals) = postSolution
		SolutionGuid = {DF5C4DFA-B139-4C28-9E80-209072526A60}
	EndGlobalSection
EndGlobal
